// !$*UTF8*$!
{
	archiveVersion = 1;
	classes = {
	};
	objectVersion = 56;
	objects = {

/* Begin PBXBuildFile section */
		84F799B1295D7CBC006020EC /* ChatAI2App.swift in Sources */ = {isa = PBXBuildFile; fileRef = 84F799B0295D7CBC006020EC /* ChatAI2App.swift */; };
		84F799B5295D7CBD006020EC /* Assets.xcassets in Resources */ = {isa = PBXBuildFile; fileRef = 84F799B4295D7CBD006020EC /* Assets.xcassets */; };
		84F799B8295D7CBD006020EC /* Preview Assets.xcassets in Resources */ = {isa = PBXBuildFile; fileRef = 84F799B7295D7CBD006020EC /* Preview Assets.xcassets */; };
		DF0B12A02A845FF700A1FA91 /* ChatView.swift in Sources */ = {isa = PBXBuildFile; fileRef = DF0B129F2A845FF700A1FA91 /* ChatView.swift */; };
		DF0B12A22A8461E500A1FA91 /* ChatViewModel.swift in Sources */ = {isa = PBXBuildFile; fileRef = DF0B12A12A8461E500A1FA91 /* ChatViewModel.swift */; };
		DF0B12A42A84628500A1FA91 /* OpenAIService.swift in Sources */ = {isa = PBXBuildFile; fileRef = DF0B12A32A84628500A1FA91 /* OpenAIService.swift */; };
		DF0B12A72A84643A00A1FA91 /* Alamofire in Frameworks */ = {isa = PBXBuildFile; productRef = DF0B12A62A84643A00A1FA91 /* Alamofire */; };
		DF0B12A92A8466A400A1FA91 /* Constants.swift in Sources */ = {isa = PBXBuildFile; fileRef = DF0B12A82A8466A400A1FA91 /* Constants.swift */; };
/* End PBXBuildFile section */

/* Begin PBXFileReference section */
		84F799AD295D7CBC006020EC /* ChatAI2.app */ = {isa = PBXFileReference; explicitFileType = wrapper.application; includeInIndex = 0; path = ChatAI2.app; sourceTree = BUILT_PRODUCTS_DIR; };
		84F799B0295D7CBC006020EC /* ChatAI2App.swift */ = {isa = PBXFileReference; lastKnownFileType = sourcecode.swift; path = ChatAI2App.swift; sourceTree = "<group>"; };
		84F799B4295D7CBD006020EC /* Assets.xcassets */ = {isa = PBXFileReference; lastKnownFileType = folder.assetcatalog; path = Assets.xcassets; sourceTree = "<group>"; };
		84F799B7295D7CBD006020EC /* Preview Assets.xcassets */ = {isa = PBXFileReference; lastKnownFileType = folder.assetcatalog; path = "Preview Assets.xcassets"; sourceTree = "<group>"; };
		DF0B129F2A845FF700A1FA91 /* ChatView.swift */ = {isa = PBXFileReference; lastKnownFileType = sourcecode.swift; path = ChatView.swift; sourceTree = "<group>"; };
		DF0B12A12A8461E500A1FA91 /* ChatViewModel.swift */ = {isa = PBXFileReference; lastKnownFileType = sourcecode.swift; path = ChatViewModel.swift; sourceTree = "<group>"; };
		DF0B12A32A84628500A1FA91 /* OpenAIService.swift */ = {isa = PBXFileReference; lastKnownFileType = sourcecode.swift; path = OpenAIService.swift; sourceTree = "<group>"; };
		DF0B12A82A8466A400A1FA91 /* Constants.swift */ = {isa = PBXFileReference; lastKnownFileType = sourcecode.swift; path = Constants.swift; sourceTree = "<group>"; };
/* End PBXFileReference section */

/* Begin PBXFrameworksBuildPhase section */
		84F799AA295D7CBC006020EC /* Frameworks */ = {
			isa = PBXFrameworksBuildPhase;
			buildActionMask = 2147483647;
			files = (
				DF0B12A72A84643A00A1FA91 /* Alamofire in Frameworks */,
			);
			runOnlyForDeploymentPostprocessing = 0;
		};
/* End PBXFrameworksBuildPhase section */

/* Begin PBXGroup section */
		84F799A4295D7CBB006020EC = {
			isa = PBXGroup;
			children = (
				84F799AF295D7CBC006020EC /* ChatAI2 */,
				84F799AE295D7CBC006020EC /* Products */,
			);
			sourceTree = "<group>";
		};
		84F799AE295D7CBC006020EC /* Products */ = {
			isa = PBXGroup;
			children = (
				84F799AD295D7CBC006020EC /* ChatAI2.app */,
			);
			name = Products;
			sourceTree = "<group>";
		};
		84F799AF295D7CBC006020EC /* ChatAI2 */ = {
			isa = PBXGroup;
			children = (
				84F799B0295D7CBC006020EC /* ChatAI2App.swift */,
				84F799B4295D7CBD006020EC /* Assets.xcassets */,
				84F799B6295D7CBD006020EC /* Preview Content */,
				DF0B129F2A845FF700A1FA91 /* ChatView.swift */,
				DF0B12A12A8461E500A1FA91 /* ChatViewModel.swift */,
				DF0B12A82A8466A400A1FA91 /* Constants.swift */,
				DF0B12A32A84628500A1FA91 /* OpenAIService.swift */,
			);
			path = ChatAI2;
			sourceTree = "<group>";
		};
		84F799B6295D7CBD006020EC /* Preview Content */ = {
			isa = PBXGroup;
			children = (
				84F799B7295D7CBD006020EC /* Preview Assets.xcassets */,
			);
			path = "Preview Content";
			sourceTree = "<group>";
		};
/* End PBXGroup section */

/* Begin PBXNativeTarget section */
		84F799AC295D7CBC006020EC /* ChatAI2 */ = {
			isa = PBXNativeTarget;
			buildConfigurationList = 84F799BB295D7CBD006020EC /* Build configuration list for PBXNativeTarget "ChatAI2" */;
			buildPhases = (
				84F799A9295D7CBC006020EC /* Sources */,
				84F799AA295D7CBC006020EC /* Frameworks */,
				84F799AB295D7CBC006020EC /* Resources */,
			);
			buildRules = (
			);
			dependencies = (
			);
			name = ChatAI2;
			packageProductDependencies = (
				DF0B12A62A84643A00A1FA91 /* Alamofire */,
			);
			productName = ChatAI2;
			productReference = 84F799AD295D7CBC006020EC /* ChatAI2.app */;
			productType = "com.apple.product-type.application";
		};
/* End PBXNativeTarget section */

/* Begin PBXProject section */
		84F799A5295D7CBB006020EC /* Project object */ = {
			isa = PBXProject;
			attributes = {
				BuildIndependentTargetsInParallel = 1;
				LastSwiftUpdateCheck = 1420;
				LastUpgradeCheck = 1420;
				TargetAttributes = {
					84F799AC295D7CBC006020EC = {
						CreatedOnToolsVersion = 14.2;
					};
				};
			};
			buildConfigurationList = 84F799A8295D7CBB006020EC /* Build configuration list for PBXProject "ChatAI2" */;
			compatibilityVersion = "Xcode 14.0";
			developmentRegion = en;
			hasScannedForEncodings = 0;
			knownRegions = (
				en,
				Base,
			);
			mainGroup = 84F799A4295D7CBB006020EC;
			packageReferences = (
				DF0B12A52A84643A00A1FA91 /* XCRemoteSwiftPackageReference "alamofire" */,
			);
			productRefGroup = 84F799AE295D7CBC006020EC /* Products */;
			projectDirPath = "";
			projectRoot = "";
			targets = (
				84F799AC295D7CBC006020EC /* ChatAI2 */,
			);
		};
/* End PBXProject section */

/* Begin PBXResourcesBuildPhase section */
		84F799AB295D7CBC006020EC /* Resources */ = {
			isa = PBXResourcesBuildPhase;
			buildActionMask = 2147483647;
			files = (
				84F799B8295D7CBD006020EC /* Preview Assets.xcassets in Resources */,
				84F799B5295D7CBD006020EC /* Assets.xcassets in Resources */,
			);
			runOnlyForDeploymentPostprocessing = 0;
		};
/* End PBXResourcesBuildPhase section */

/* Begin PBXSourcesBuildPhase section */
		84F799A9295D7CBC006020EC /* Sources */ = {
			isa = PBXSourcesBuildPhase;
			buildActionMask = 2147483647;
			files = (
				DF0B12A92A8466A400A1FA91 /* Constants.swift in Sources */,
				DF0B12A02A845FF700A1FA91 /* ChatView.swift in Sources */,
				DF0B12A22A8461E500A1FA91 /* ChatViewModel.swift in Sources */,
				84F799B1295D7CBC006020EC /* ChatAI2App.swift in Sources */,
				DF0B12A42A84628500A1FA91 /* OpenAIService.swift in Sources */,
			);
			runOnlyForDeploymentPostprocessing = 0;
		};
/* End PBXSourcesBuildPhase section */

/* Begin XCBuildConfiguration section */
		84F799B9295D7CBD006020EC /* Debug */ = {
			isa = XCBuildConfiguration;
			buildSettings = {
				ALWAYS_SEARCH_USER_PATHS = NO;
				CLANG_ANALYZER_NONNULL = YES;
				CLANG_ANALYZER_NUMBER_OBJECT_CONVERSION = YES_AGGRESSIVE;
				CLANG_CXX_LANGUAGE_STANDARD = "gnu++20";
				CLANG_ENABLE_MODULES = YES;
				CLANG_ENABLE_OBJC_ARC = YES;
				CLANG_ENABLE_OBJC_WEAK = YES;
				CLANG_WARN_BLOCK_CAPTURE_AUTORELEASING = YES;
				CLANG_WARN_BOOL_CONVERSION = YES;
				CLANG_WARN_COMMA = YES;
				CLANG_WARN_CONSTANT_CONVERSION = YES;
				CLANG_WARN_DEPRECATED_OBJC_IMPLEMENTATIONS = YES;
				CLANG_WARN_DIRECT_OBJC_ISA_USAGE = YES_ERROR;
				CLANG_WARN_DOCUMENTATION_COMMENTS = YES;
				CLANG_WARN_EMPTY_BODY = YES;
				CLANG_WARN_ENUM_CONVERSION = YES;
				CLANG_WARN_INFINITE_RECURSION = YES;
				CLANG_WARN_INT_CONVERSION = YES;
				CLANG_WARN_NON_LITERAL_NULL_CONVERSION = YES;
				CLANG_WARN_OBJC_IMPLICIT_RETAIN_SELF = YES;
				CLANG_WARN_OBJC_LITERAL_CONVERSION = YES;
				CLANG_WARN_OBJC_ROOT_CLASS = YES_ERROR;
				CLANG_WARN_QUOTED_INCLUDE_IN_FRAMEWORK_HEADER = YES;
				CLANG_WARN_RANGE_LOOP_ANALYSIS = YES;
				CLANG_WARN_STRICT_PROTOTYPES = YES;
				CLANG_WARN_SUSPICIOUS_MOVE = YES;
				CLANG_WARN_UNGUARDED_AVAILABILITY = YES_AGGRESSIVE;
				CLANG_WARN_UNREACHABLE_CODE = YES;
				CLANG_WARN__DUPLICATE_METHOD_MATCH = YES;
				COPY_PHASE_STRIP = NO;
				DEBUG_INFORMATION_FORMAT = dwarf;
				ENABLE_STRICT_OBJC_MSGSEND = YES;
				ENABLE_TESTABILITY = YES;
				GCC_C_LANGUAGE_STANDARD = gnu11;
				GCC_DYNAMIC_NO_PIC = NO;
				GCC_NO_COMMON_BLOCKS = YES;
				GCC_OPTIMIZATION_LEVEL = 0;
				GCC_PREPROCESSOR_DEFINITIONS = (
					"DEBUG=1",
					"$(inherited)",
				);
				GCC_WARN_64_TO_32_BIT_CONVERSION = YES;
				GCC_WARN_ABOUT_RETURN_TYPE = YES_ERROR;
				GCC_WARN_UNDECLARED_SELECTOR = YES;
				GCC_WARN_UNINITIALIZED_AUTOS = YES_AGGRESSIVE;
				GCC_WARN_UNUSED_FUNCTION = YES;
				GCC_WARN_UNUSED_VARIABLE = YES;
				IPHONEOS_DEPLOYMENT_TARGET = 15.4;
				MTL_ENABLE_DEBUG_INFO = INCLUDE_SOURCE;
				MTL_FAST_MATH = YES;
				ONLY_ACTIVE_ARCH = YES;
				SDKROOT = iphoneos;
				SWIFT_ACTIVE_COMPILATION_CONDITIONS = DEBUG;
				SWIFT_OPTIMIZATION_LEVEL = "-Onone";
			};
			name = Debug;
		};
		84F799BA295D7CBD006020EC /* Release */ = {
			isa = XCBuildConfiguration;
			buildSettings = {
				ALWAYS_SEARCH_USER_PATHS = NO;
				CLANG_ANALYZER_NONNULL = YES;
				CLANG_ANALYZER_NUMBER_OBJECT_CONVERSION = YES_AGGRESSIVE;
				CLANG_CXX_LANGUAGE_STANDARD = "gnu++20";
				CLANG_ENABLE_MODULES = YES;
				CLANG_ENABLE_OBJC_ARC = YES;
				CLANG_ENABLE_OBJC_WEAK = YES;
				CLANG_WARN_BLOCK_CAPTURE_AUTORELEASING = YES;
				CLANG_WARN_BOOL_CONVERSION = YES;
				CLANG_WARN_COMMA = YES;
				CLANG_WARN_CONSTANT_CONVERSION = YES;
				CLANG_WARN_DEPRECATED_OBJC_IMPLEMENTATIONS = YES;
				CLANG_WARN_DIRECT_OBJC_ISA_USAGE = YES_ERROR;
				CLANG_WARN_DOCUMENTATION_COMMENTS = YES;
				CLANG_WARN_EMPTY_BODY = YES;
				CLANG_WARN_ENUM_CONVERSION = YES;
				CLANG_WARN_INFINITE_RECURSION = YES;
				CLANG_WARN_INT_CONVERSION = YES;
				CLANG_WARN_NON_LITERAL_NULL_CONVERSION = YES;
				CLANG_WARN_OBJC_IMPLICIT_RETAIN_SELF = YES;
				CLANG_WARN_OBJC_LITERAL_CONVERSION = YES;
				CLANG_WARN_OBJC_ROOT_CLASS = YES_ERROR;
				CLANG_WARN_QUOTED_INCLUDE_IN_FRAMEWORK_HEADER = YES;
				CLANG_WARN_RANGE_LOOP_ANALYSIS = YES;
				CLANG_WARN_STRICT_PROTOTYPES = YES;
				CLANG_WARN_SUSPICIOUS_MOVE = YES;
				CLANG_WARN_UNGUARDED_AVAILABILITY = YES_AGGRESSIVE;
				CLANG_WARN_UNREACHABLE_CODE = YES;
				CLANG_WARN__DUPLICATE_METHOD_MATCH = YES;
				COPY_PHASE_STRIP = NO;
				DEBUG_INFORMATION_FORMAT = "dwarf-with-dsym";
				ENABLE_NS_ASSERTIONS = NO;
				ENABLE_STRICT_OBJC_MSGSEND = YES;
				GCC_C_LANGUAGE_STANDARD = gnu11;
				GCC_NO_COMMON_BLOCKS = YES;
				GCC_WARN_64_TO_32_BIT_CONVERSION = YES;
				GCC_WARN_ABOUT_RETURN_TYPE = YES_ERROR;
				GCC_WARN_UNDECLARED_SELECTOR = YES;
				GCC_WARN_UNINITIALIZED_AUTOS = YES_AGGRESSIVE;
				GCC_WARN_UNUSED_FUNCTION = YES;
				GCC_WARN_UNUSED_VARIABLE = YES;
				IPHONEOS_DEPLOYMENT_TARGET = 15.4;
				MTL_ENABLE_DEBUG_INFO = NO;
				MTL_FAST_MATH = YES;
				SDKROOT = iphoneos;
				SWIFT_COMPILATION_MODE = wholemodule;
				SWIFT_OPTIMIZATION_LEVEL = "-O";
				VALIDATE_PRODUCT = YES;
			};
			name = Release;
		};
		84F799BC295D7CBD006020EC /* Debug */ = {
			isa = XCBuildConfiguration;
			buildSettings = {
				ASSETCATALOG_COMPILER_APPICON_NAME = AppIcon;
				ASSETCATALOG_COMPILER_GLOBAL_ACCENT_COLOR_NAME = AccentColor;
				CODE_SIGN_STYLE = Automatic;
				CURRENT_PROJECT_VERSION = 1;
				DEVELOPMENT_ASSET_PATHS = "\"ChatAI2/Preview Content\"";
				DEVELOPMENT_TEAM = X9X5VV8C6V;
				ENABLE_PREVIEWS = YES;
				GENERATE_INFOPLIST_FILE = YES;
				INFOPLIST_KEY_CFBundleDisplayName = "Chat AI 2";
				INFOPLIST_KEY_LSApplicationCategoryType = "public.app-category.productivity";
				INFOPLIST_KEY_UIApplicationSceneManifest_Generation = YES;
				INFOPLIST_KEY_UIApplicationSupportsIndirectInputEvents = YES;
				INFOPLIST_KEY_UILaunchScreen_Generation = YES;
				INFOPLIST_KEY_UISupportedInterfaceOrientations = UIInterfaceOrientationPortrait;
				IPHONEOS_DEPLOYMENT_TARGET = 15.4;
				LD_RUNPATH_SEARCH_PATHS = (
					"$(inherited)",
					"@executable_path/Frameworks",
				);
				MARKETING_VERSION = 1.0;
				PRODUCT_BUNDLE_IDENTIFIER = IntSys.ChatAI2;
				PRODUCT_NAME = "$(TARGET_NAME)";
				SWIFT_EMIT_LOC_STRINGS = YES;
				SWIFT_VERSION = 5.0;
				TARGETED_DEVICE_FAMILY = "1,2";
			};
			name = Debug;
		};
		84F799BD295D7CBD006020EC /* Release */ = {
			isa = XCBuildConfiguration;
			buildSettings = {
				ASSETCATALOG_COMPILER_APPICON_NAME = AppIcon;
				ASSETCATALOG_COMPILER_GLOBAL_ACCENT_COLOR_NAME = AccentColor;
				CODE_SIGN_STYLE = Automatic;
				CURRENT_PROJECT_VERSION = 1;
				DEVELOPMENT_ASSET_PATHS = "\"ChatAI2/Preview Content\"";
				DEVELOPMENT_TEAM = X9X5VV8C6V;
				ENABLE_PREVIEWS = YES;
				GENERATE_INFOPLIST_FILE = YES;
				INFOPLIST_KEY_CFBundleDisplayName = "Chat AI 2";
				INFOPLIST_KEY_LSApplicationCategoryType = "public.app-category.productivity";
				INFOPLIST_KEY_UIApplicationSceneManifest_Generation = YES;
				INFOPLIST_KEY_UIApplicationSupportsIndirectInputEvents = YES;
				INFOPLIST_KEY_UILaunchScreen_Generation = YES;
				INFOPLIST_KEY_UISupportedInterfaceOrientations = UIInterfaceOrientationPortrait;
				IPHONEOS_DEPLOYMENT_TARGET = 15.4;
				LD_RUNPATH_SEARCH_PATHS = (
					"$(inherited)",
					"@executable_path/Frameworks",
				);
				MARKETING_VERSION = 1.0;
				PRODUCT_BUNDLE_IDENTIFIER = IntSys.ChatAI2;
				PRODUCT_NAME = "$(TARGET_NAME)";
				SWIFT_EMIT_LOC_STRINGS = YES;
				SWIFT_VERSION = 5.0;
				TARGETED_DEVICE_FAMILY = "1,2";
			};
			name = Release;
		};
/* End XCBuildConfiguration section */

/* Begin XCConfigurationList section */
		84F799A8295D7CBB006020EC /* Build configuration list for PBXProject "ChatAI2" */ = {
			isa = XCConfigurationList;
			buildConfigurations = (
				84F799B9295D7CBD006020EC /* Debug */,
				84F799BA295D7CBD006020EC /* Release */,
			);
			defaultConfigurationIsVisible = 0;
			defaultConfigurationName = Release;
		};
		84F799BB295D7CBD006020EC /* Build configuration list for PBXNativeTarget "ChatAI2" */ = {
			isa = XCConfigurationList;
			buildConfigurations = (
				84F799BC295D7CBD006020EC /* Debug */,
				84F799BD295D7CBD006020EC /* Release */,
			);
			defaultConfigurationIsVisible = 0;
			defaultConfigurationName = Release;
		};
/* End XCConfigurationList section */

/* Begin XCRemoteSwiftPackageReference section */
		DF0B12A52A84643A00A1FA91 /* XCRemoteSwiftPackageReference "alamofire" */ = {
			isa = XCRemoteSwiftPackageReference;
			repositoryURL = "https://github.com/alamofire/alamofire.git";
			requirement = {
				kind = upToNextMajorVersion;
				minimumVersion = 5.0.0;
			};
		};
/* End XCRemoteSwiftPackageReference section */

/* Begin XCSwiftPackageProductDependency section */
		DF0B12A62A84643A00A1FA91 /* Alamofire */ = {
			isa = XCSwiftPackageProductDependency;
			package = DF0B12A52A84643A00A1FA91 /* XCRemoteSwiftPackageReference "alamofire" */;
			productName = Alamofire;
		};
/* End XCSwiftPackageProductDependency section */
	};
	rootObject = 84F799A5295D7CBB006020EC /* Project object */;
}
